
Microsoft Visual Studio Solution File, Format Version 12.00
# Visual Studio 15
VisualStudioVersion = 15.0.28307.645
MinimumVisualStudioVersion = 10.0.40219.1
Project("{FAE04EC0-301F-11D3-BF4B-00C04F79EFBC}") = "SSHServerRestart", "SSHServerRestart\SSHServerRestart.csproj", "{472F5EB3-9606-4ADC-8901-CE5B9854C0CF}"
EndProject
Global
	GlobalSection(SolutionConfigurationPlatforms) = preSolution
		Debug|Any CPU = Debug|Any CPU
		Release|Any CPU = Release|Any CPU
	EndGlobalSection
	GlobalSection(ProjectConfigurationPlatforms) = postSolution
		{472F5EB3-9606-4ADC-8901-CE5B9854C0CF}.Debug|Any CPU.ActiveCfg = Debug|Any CPU
		{472F5EB3-9606-4ADC-8901-CE5B9854C0CF}.Debug|Any CPU.Build.0 = Debug|Any CPU
		{472F5EB3-9606-4ADC-8901-CE5B9854C0CF}.Release|Any CPU.ActiveCfg = Release|Any CPU
		{472F5EB3-9606-4ADC-8901-CE5B9854C0CF}.Release|Any CPU.Build.0 = Release|Any CPU
	EndGlobalSection
	GlobalSection(SolutionProperties) = preSolution
		HideSolutionNode = FALSE
	EndGlobalSection
	GlobalSection(ExtensibilityGlobals) = postSolution
		SolutionGuid = {52C92C3D-BC73-4C24-AFF0-B82123169028}
	EndGlobalSection
EndGlobal
